
Microsoft Visual Studio Solution File, Format Version 12.00
# Visual Studio Version 17
VisualStudioVersion = 17.7.34221.43
MinimumVisualStudioVersion = 10.0.40219.1
Project("{FAE04EC0-301F-11D3-BF4B-00C04F79EFBC}") = "SanJustino", "SanJustino\SanJustino.csproj", "{F71D406D-9475-44EE-83D1-DDEF344F79A5}"
EndProject
Global
	GlobalSection(SolutionConfigurationPlatforms) = preSolution
		Debug|Any CPU = Debug|Any CPU
		Release|Any CPU = Release|Any CPU
	EndGlobalSection
	GlobalSection(ProjectConfigurationPlatforms) = postSolution
		{F71D406D-9475-44EE-83D1-DDEF344F79A5}.Debug|Any CPU.ActiveCfg = Debug|Any CPU
		{F71D406D-9475-44EE-83D1-DDEF344F79A5}.Debug|Any CPU.Build.0 = Debug|Any CPU
		{F71D406D-9475-44EE-83D1-DDEF344F79A5}.Release|Any CPU.ActiveCfg = Release|Any CPU
		{F71D406D-9475-44EE-83D1-DDEF344F79A5}.Release|Any CPU.Build.0 = Release|Any CPU
	EndGlobalSection
	GlobalSection(SolutionProperties) = preSolution
		HideSolutionNode = FALSE
	EndGlobalSection
	GlobalSection(ExtensibilityGlobals) = postSolution
		SolutionGuid = {32C9EACD-949B-47A4-8504-2DE0B1849B84}
	EndGlobalSection
EndGlobal
